
Microsoft Visual Studio Solution File, Format Version 12.00
# Visual Studio Version 16
VisualStudioVersion = 16.0.30711.63
MinimumVisualStudioVersion = 10.0.40219.1
Project("{FAE04EC0-301F-11D3-BF4B-00C04F79EFBC}") = "MyShop.Core", "MyShop.Core\MyShop.Core.csproj", "{4C6B9EBE-E0DA-4DB1-982E-77399A07013A}"
EndProject
Project("{FAE04EC0-301F-11D3-BF4B-00C04F79EFBC}") = "MyShop.Services", "MyShop.Services\MyShop.Services.csproj", "{3202D3DF-3ECB-454B-BA8C-36F45435A1C5}"
EndProject
Project("{FAE04EC0-301F-11D3-BF4B-00C04F79EFBC}") = "MyShop.DataAccess.SQL", "MyShop.DataAccess.SQL\MyShop.DataAccess.SQL.csproj", "{AE27849E-A593-4DF4-A520-630ADFA60E92}"
EndProject
Project("{FAE04EC0-301F-11D3-BF4B-00C04F79EFBC}") = "MyShop.DataAccess.InMemory", "MyShop.DataAccess.InMemory\MyShop.DataAccess.InMemory.csproj", "{46EA42CA-EDFC-4CB2-9CE5-7AEB50F32C6B}"
EndProject
Project("{FAE04EC0-301F-11D3-BF4B-00C04F79EFBC}") = "MyShop.WebUI", "MyShop.WebUI\MyShop.WebUI.csproj", "{F4D1A499-F867-421C-9B9A-E7C5080AE730}"
EndProject
Project("{FAE04EC0-301F-11D3-BF4B-00C04F79EFBC}") = "MyShop.WebUI.Tests", "MyShop.WebUI.Tests\MyShop.WebUI.Tests.csproj", "{333FDDB9-1A79-4490-8942-52EF100D003A}"
EndProject
Global
	GlobalSection(SolutionConfigurationPlatforms) = preSolution
		Debug|Any CPU = Debug|Any CPU
		Release|Any CPU = Release|Any CPU
	EndGlobalSection
	GlobalSection(ProjectConfigurationPlatforms) = postSolution
		{4C6B9EBE-E0DA-4DB1-982E-77399A07013A}.Debug|Any CPU.ActiveCfg = Debug|Any CPU
		{4C6B9EBE-E0DA-4DB1-982E-77399A07013A}.Debug|Any CPU.Build.0 = Debug|Any CPU
		{4C6B9EBE-E0DA-4DB1-982E-77399A07013A}.Release|Any CPU.ActiveCfg = Release|Any CPU
		{4C6B9EBE-E0DA-4DB1-982E-77399A07013A}.Release|Any CPU.Build.0 = Release|Any CPU
		{3202D3DF-3ECB-454B-BA8C-36F45435A1C5}.Debug|Any CPU.ActiveCfg = Debug|Any CPU
		{3202D3DF-3ECB-454B-BA8C-36F45435A1C5}.Debug|Any CPU.Build.0 = Debug|Any CPU
		{3202D3DF-3ECB-454B-BA8C-36F45435A1C5}.Release|Any CPU.ActiveCfg = Release|Any CPU
		{3202D3DF-3ECB-454B-BA8C-36F45435A1C5}.Release|Any CPU.Build.0 = Release|Any CPU
		{AE27849E-A593-4DF4-A520-630ADFA60E92}.Debug|Any CPU.ActiveCfg = Debug|Any CPU
		{AE27849E-A593-4DF4-A520-630ADFA60E92}.Debug|Any CPU.Build.0 = Debug|Any CPU
		{AE27849E-A593-4DF4-A520-630ADFA60E92}.Release|Any CPU.ActiveCfg = Release|Any CPU
		{AE27849E-A593-4DF4-A520-630ADFA60E92}.Release|Any CPU.Build.0 = Release|Any CPU
		{46EA42CA-EDFC-4CB2-9CE5-7AEB50F32C6B}.Debug|Any CPU.ActiveCfg = Debug|Any CPU
		{46EA42CA-EDFC-4CB2-9CE5-7AEB50F32C6B}.Debug|Any CPU.Build.0 = Debug|Any CPU
		{46EA42CA-EDFC-4CB2-9CE5-7AEB50F32C6B}.Release|Any CPU.ActiveCfg = Release|Any CPU
		{46EA42CA-EDFC-4CB2-9CE5-7AEB50F32C6B}.Release|Any CPU.Build.0 = Release|Any CPU
		{F4D1A499-F867-421C-9B9A-E7C5080AE730}.Debug|Any CPU.ActiveCfg = Debug|Any CPU
		{F4D1A499-F867-421C-9B9A-E7C5080AE730}.Debug|Any CPU.Build.0 = Debug|Any CPU
		{F4D1A499-F867-421C-9B9A-E7C5080AE730}.Release|Any CPU.ActiveCfg = Release|Any CPU
		{F4D1A499-F867-421C-9B9A-E7C5080AE730}.Release|Any CPU.Build.0 = Release|Any CPU
		{333FDDB9-1A79-4490-8942-52EF100D003A}.Debug|Any CPU.ActiveCfg = Debug|Any CPU
		{333FDDB9-1A79-4490-8942-52EF100D003A}.Debug|Any CPU.Build.0 = Debug|Any CPU
		{333FDDB9-1A79-4490-8942-52EF100D003A}.Release|Any CPU.ActiveCfg = Release|Any CPU
		{333FDDB9-1A79-4490-8942-52EF100D003A}.Release|Any CPU.Build.0 = Release|Any CPU
	EndGlobalSection
	GlobalSection(SolutionProperties) = preSolution
		HideSolutionNode = FALSE
	EndGlobalSection
	GlobalSection(ExtensibilityGlobals) = postSolution
		SolutionGuid = {72D6108D-B43F-4287-8E48-45B351E68292}
	EndGlobalSection
EndGlobal
